
Microsoft Visual Studio Solution File, Format Version 12.00
# Visual Studio Version 16
VisualStudioVersion = 16.0.30907.101
MinimumVisualStudioVersion = 15.0.26124.0
Project("{9A19103F-16F7-4668-BE54-9A1E7A4F7556}") = "demo2", "demo2.csproj", "{2BDC1D58-069E-42EA-B552-DB951A3B1693}"
EndProject
Global
	GlobalSection(SolutionConfigurationPlatforms) = preSolution
		Debug|Any CPU = Debug|Any CPU
		Debug|x64 = Debug|x64
		Debug|x86 = Debug|x86
		Release|Any CPU = Release|Any CPU
		Release|x64 = Release|x64
		Release|x86 = Release|x86
	EndGlobalSection
	GlobalSection(ProjectConfigurationPlatforms) = postSolution
		{2BDC1D58-069E-42EA-B552-DB951A3B1693}.Debug|Any CPU.ActiveCfg = Debug|Any CPU
		{2BDC1D58-069E-42EA-B552-DB951A3B1693}.Debug|Any CPU.Build.0 = Debug|Any CPU
		{2BDC1D58-069E-42EA-B552-DB951A3B1693}.Debug|x64.ActiveCfg = Debug|Any CPU
		{2BDC1D58-069E-42EA-B552-DB951A3B1693}.Debug|x64.Build.0 = Debug|Any CPU
		{2BDC1D58-069E-42EA-B552-DB951A3B1693}.Debug|x86.ActiveCfg = Debug|Any CPU
		{2BDC1D58-069E-42EA-B552-DB951A3B1693}.Debug|x86.Build.0 = Debug|Any CPU
		{2BDC1D58-069E-42EA-B552-DB951A3B1693}.Release|Any CPU.ActiveCfg = Release|Any CPU
		{2BDC1D58-069E-42EA-B552-DB951A3B1693}.Release|Any CPU.Build.0 = Release|Any CPU
		{2BDC1D58-069E-42EA-B552-DB951A3B1693}.Release|x64.ActiveCfg = Release|Any CPU
		{2BDC1D58-069E-42EA-B552-DB951A3B1693}.Release|x64.Build.0 = Release|Any CPU
		{2BDC1D58-069E-42EA-B552-DB951A3B1693}.Release|x86.ActiveCfg = Release|Any CPU
		{2BDC1D58-069E-42EA-B552-DB951A3B1693}.Release|x86.Build.0 = Release|Any CPU
	EndGlobalSection
	GlobalSection(SolutionProperties) = preSolution
		HideSolutionNode = FALSE
	EndGlobalSection
	GlobalSection(ExtensibilityGlobals) = postSolution
		SolutionGuid = {871A690C-1682-47A8-9923-D34AE299B3EB}
	EndGlobalSection
EndGlobal
